// !$*UTF8*$!
{
	archiveVersion = 1;
	classes = {
	};
	objectVersion = 51;
	objects = {

/* Begin PBXBuildFile section */
		2810883E257C9EC9004E7218 /* AppDelegate.swift in Sources */ = {isa = PBXBuildFile; fileRef = 2810883D257C9EC9004E7218 /* AppDelegate.swift */; };
		28108840257C9EC9004E7218 /* SceneDelegate.swift in Sources */ = {isa = PBXBuildFile; fileRef = 2810883F257C9EC9004E7218 /* SceneDelegate.swift */; };
		28108842257C9EC9004E7218 /* ViewController.swift in Sources */ = {isa = PBXBuildFile; fileRef = 28108841257C9EC9004E7218 /* ViewController.swift */; };
		28108845257C9EC9004E7218 /* Main.storyboard in Resources */ = {isa = PBXBuildFile; fileRef = 28108843257C9EC9004E7218 /* Main.storyboard */; };
		28108847257C9ECA004E7218 /* Assets.xcassets in Resources */ = {isa = PBXBuildFile; fileRef = 28108846257C9ECA004E7218 /* Assets.xcassets */; };
		2810884A257C9ECA004E7218 /* LaunchScreen.storyboard in Resources */ = {isa = PBXBuildFile; fileRef = 28108848257C9ECA004E7218 /* LaunchScreen.storyboard */; };
		28108853257C9F01004E7218 /* Persistence.swift in Sources */ = {isa = PBXBuildFile; fileRef = 28108852257C9F01004E7218 /* Persistence.swift */; };
		876CFC723B3E752C63BD2BE8 /* Pods_work_14_test.framework in Frameworks */ = {isa = PBXBuildFile; fileRef = 661DDEA77FE2F88163613AF0 /* Pods_work_14_test.framework */; };
/* End PBXBuildFile section */

/* Begin PBXFileReference section */
		02A60279865295658A2DD820 /* Pods-work 14 test.release.xcconfig */ = {isa = PBXFileReference; includeInIndex = 1; lastKnownFileType = text.xcconfig; name = "Pods-work 14 test.release.xcconfig"; path = "Target Support Files/Pods-work 14 test/Pods-work 14 test.release.xcconfig"; sourceTree = "<group>"; };
		2810883A257C9EC9004E7218 /* work 14 test.app */ = {isa = PBXFileReference; explicitFileType = wrapper.application; includeInIndex = 0; path = "work 14 test.app"; sourceTree = BUILT_PRODUCTS_DIR; };
		2810883D257C9EC9004E7218 /* AppDelegate.swift */ = {isa = PBXFileReference; lastKnownFileType = sourcecode.swift; path = AppDelegate.swift; sourceTree = "<group>"; };
		2810883F257C9EC9004E7218 /* SceneDelegate.swift */ = {isa = PBXFileReference; lastKnownFileType = sourcecode.swift; path = SceneDelegate.swift; sourceTree = "<group>"; };
		28108841257C9EC9004E7218 /* ViewController.swift */ = {isa = PBXFileReference; lastKnownFileType = sourcecode.swift; path = ViewController.swift; sourceTree = "<group>"; };
		28108844257C9EC9004E7218 /* Base */ = {isa = PBXFileReference; lastKnownFileType = file.storyboard; name = Base; path = Base.lproj/Main.storyboard; sourceTree = "<group>"; };
		28108846257C9ECA004E7218 /* Assets.xcassets */ = {isa = PBXFileReference; lastKnownFileType = folder.assetcatalog; path = Assets.xcassets; sourceTree = "<group>"; };
		28108849257C9ECA004E7218 /* Base */ = {isa = PBXFileReference; lastKnownFileType = file.storyboard; name = Base; path = Base.lproj/LaunchScreen.storyboard; sourceTree = "<group>"; };
		2810884B257C9ECA004E7218 /* Info.plist */ = {isa = PBXFileReference; lastKnownFileType = text.plist.xml; path = Info.plist; sourceTree = "<group>"; };
		28108852257C9F01004E7218 /* Persistence.swift */ = {isa = PBXFileReference; lastKnownFileType = sourcecode.swift; path = Persistence.swift; sourceTree = "<group>"; };
		661DDEA77FE2F88163613AF0 /* Pods_work_14_test.framework */ = {isa = PBXFileReference; explicitFileType = wrapper.framework; includeInIndex = 0; path = Pods_work_14_test.framework; sourceTree = BUILT_PRODUCTS_DIR; };
		DA3AD5521C5471E4445EA6A7 /* Pods-work 14 test.debug.xcconfig */ = {isa = PBXFileReference; includeInIndex = 1; lastKnownFileType = text.xcconfig; name = "Pods-work 14 test.debug.xcconfig"; path = "Target Support Files/Pods-work 14 test/Pods-work 14 test.debug.xcconfig"; sourceTree = "<group>"; };
/* End PBXFileReference section */

/* Begin PBXFrameworksBuildPhase section */
		28108837257C9EC9004E7218 /* Frameworks */ = {
			isa = PBXFrameworksBuildPhase;
			buildActionMask = 2147483647;
			files = (
				876CFC723B3E752C63BD2BE8 /* Pods_work_14_test.framework in Frameworks */,
			);
			runOnlyForDeploymentPostprocessing = 0;
		};
/* End PBXFrameworksBuildPhase section */

/* Begin PBXGroup section */
		28108831257C9EC9004E7218 = {
			isa = PBXGroup;
			children = (
				2810883C257C9EC9004E7218 /* work 14 test */,
				2810883B257C9EC9004E7218 /* Products */,
				A88807CF3AFBA1F4B53AE9F2 /* Pods */,
				54CB7A19EB88911F03437993 /* Frameworks */,
			);
			sourceTree = "<group>";
		};
		2810883B257C9EC9004E7218 /* Products */ = {
			isa = PBXGroup;
			children = (
				2810883A257C9EC9004E7218 /* work 14 test.app */,
			);
			name = Products;
			sourceTree = "<group>";
		};
		2810883C257C9EC9004E7218 /* work 14 test */ = {
			isa = PBXGroup;
			children = (
				2810883D257C9EC9004E7218 /* AppDelegate.swift */,
				2810883F257C9EC9004E7218 /* SceneDelegate.swift */,
				28108841257C9EC9004E7218 /* ViewController.swift */,
				28108852257C9F01004E7218 /* Persistence.swift */,
				28108843257C9EC9004E7218 /* Main.storyboard */,
				28108846257C9ECA004E7218 /* Assets.xcassets */,
				28108848257C9ECA004E7218 /* LaunchScreen.storyboard */,
				2810884B257C9ECA004E7218 /* Info.plist */,
			);
			path = "work 14 test";
			sourceTree = "<group>";
		};
		54CB7A19EB88911F03437993 /* Frameworks */ = {
			isa = PBXGroup;
			children = (
				661DDEA77FE2F88163613AF0 /* Pods_work_14_test.framework */,
			);
			name = Frameworks;
			sourceTree = "<group>";
		};
		A88807CF3AFBA1F4B53AE9F2 /* Pods */ = {
			isa = PBXGroup;
			children = (
				DA3AD5521C5471E4445EA6A7 /* Pods-work 14 test.debug.xcconfig */,
				02A60279865295658A2DD820 /* Pods-work 14 test.release.xcconfig */,
			);
			path = Pods;
			sourceTree = "<group>";
		};
/* End PBXGroup section */

/* Begin PBXNativeTarget section */
		28108839257C9EC9004E7218 /* work 14 test */ = {
			isa = PBXNativeTarget;
			buildConfigurationList = 2810884E257C9ECA004E7218 /* Build configuration list for PBXNativeTarget "work 14 test" */;
			buildPhases = (
				CBFB4C1F4628FCA7CE011AAA /* [CP] Check Pods Manifest.lock */,
				28108836257C9EC9004E7218 /* Sources */,
				28108837257C9EC9004E7218 /* Frameworks */,
				28108838257C9EC9004E7218 /* Resources */,
				A4EE8C0A0B4B07FFF11F7B8D /* [CP] Embed Pods Frameworks */,
			);
			buildRules = (
			);
			dependencies = (
			);
			name = "work 14 test";
			productName = "work 14 test";
			productReference = 2810883A257C9EC9004E7218 /* work 14 test.app */;
			productType = "com.apple.product-type.application";
		};
/* End PBXNativeTarget section */

/* Begin PBXProject section */
		28108832257C9EC9004E7218 /* Project object */ = {
			isa = PBXProject;
			attributes = {
				LastSwiftUpdateCheck = 1220;
				LastUpgradeCheck = 1220;
				TargetAttributes = {
					28108839257C9EC9004E7218 = {
						CreatedOnToolsVersion = 12.2;
					};
				};
			};
			buildConfigurationList = 28108835257C9EC9004E7218 /* Build configuration list for PBXProject "work 14 test" */;
			compatibilityVersion = "Xcode 9.3";
			developmentRegion = en;
			hasScannedForEncodings = 0;
			knownRegions = (
				en,
				Base,
			);
			mainGroup = 28108831257C9EC9004E7218;
			productRefGroup = 2810883B257C9EC9004E7218 /* Products */;
			projectDirPath = "";
			projectRoot = "";
			targets = (
				28108839257C9EC9004E7218 /* work 14 test */,
			);
		};
/* End PBXProject section */

/* Begin PBXResourcesBuildPhase section */
		28108838257C9EC9004E7218 /* Resources */ = {
			isa = PBXResourcesBuildPhase;
			buildActionMask = 2147483647;
			files = (
				2810884A257C9ECA004E7218 /* LaunchScreen.storyboard in Resources */,
				28108847257C9ECA004E7218 /* Assets.xcassets in Resources */,
				28108845257C9EC9004E7218 /* Main.storyboard in Resources */,
			);
			runOnlyForDeploymentPostprocessing = 0;
		};
/* End PBXResourcesBuildPhase section */

/* Begin PBXShellScriptBuildPhase section */
		A4EE8C0A0B4B07FFF11F7B8D /* [CP] Embed Pods Frameworks */ = {
			isa = PBXShellScriptBuildPhase;
			buildActionMask = 2147483647;
			files = (
			);
			inputFileListPaths = (
				"${PODS_ROOT}/Target Support Files/Pods-work 14 test/Pods-work 14 test-frameworks-${CONFIGURATION}-input-files.xcfilelist",
			);
			name = "[CP] Embed Pods Frameworks";
			outputFileListPaths = (
				"${PODS_ROOT}/Target Support Files/Pods-work 14 test/Pods-work 14 test-frameworks-${CONFIGURATION}-output-files.xcfilelist",
			);
			runOnlyForDeploymentPostprocessing = 0;
			shellPath = /bin/sh;
			shellScript = "\"${PODS_ROOT}/Target Support Files/Pods-work 14 test/Pods-work 14 test-frameworks.sh\"\n";
			showEnvVarsInLog = 0;
		};
		CBFB4C1F4628FCA7CE011AAA /* [CP] Check Pods Manifest.lock */ = {
			isa = PBXShellScriptBuildPhase;
			buildActionMask = 2147483647;
			files = (
			);
			inputFileListPaths = (
			);
			inputPaths = (
				"${PODS_PODFILE_DIR_PATH}/Podfile.lock",
				"${PODS_ROOT}/Manifest.lock",
			);
			name = "[CP] Check Pods Manifest.lock";
			outputFileListPaths = (
			);
			outputPaths = (
				"$(DERIVED_FILE_DIR)/Pods-work 14 test-checkManifestLockResult.txt",
			);
			runOnlyForDeploymentPostprocessing = 0;
			shellPath = /bin/sh;
			shellScript = "diff \"${PODS_PODFILE_DIR_PATH}/Podfile.lock\" \"${PODS_ROOT}/Manifest.lock\" > /dev/null\nif [ $? != 0 ] ; then\n    # print error to STDERR\n    echo \"error: The sandbox is not in sync with the Podfile.lock. Run 'pod install' or update your CocoaPods installation.\" >&2\n    exit 1\nfi\n# This output is used by Xcode 'outputs' to avoid re-running this script phase.\necho \"SUCCESS\" > \"${SCRIPT_OUTPUT_FILE_0}\"\n";
			showEnvVarsInLog = 0;
		};
/* End PBXShellScriptBuildPhase section */

/* Begin PBXSourcesBuildPhase section */
		28108836257C9EC9004E7218 /* Sources */ = {
			isa = PBXSourcesBuildPhase;
			buildActionMask = 2147483647;
			files = (
				28108842257C9EC9004E7218 /* ViewController.swift in Sources */,
				28108853257C9F01004E7218 /* Persistence.swift in Sources */,
				2810883E257C9EC9004E7218 /* AppDelegate.swift in Sources */,
				28108840257C9EC9004E7218 /* SceneDelegate.swift in Sources */,
			);
			runOnlyForDeploymentPostprocessing = 0;
		};
/* End PBXSourcesBuildPhase section */

/* Begin PBXVariantGroup section */
		28108843257C9EC9004E7218 /* Main.storyboard */ = {
			isa = PBXVariantGroup;
			children = (
				28108844257C9EC9004E7218 /* Base */,
			);
			name = Main.storyboard;
			sourceTree = "<group>";
		};
		28108848257C9ECA004E7218 /* LaunchScreen.storyboard */ = {
			isa = PBXVariantGroup;
			children = (
				28108849257C9ECA004E7218 /* Base */,
			);
			name = LaunchScreen.storyboard;
			sourceTree = "<group>";
		};
/* End PBXVariantGroup section */

/* Begin XCBuildConfiguration section */
		2810884C257C9ECA004E7218 /* Debug */ = {
			isa = XCBuildConfiguration;
			buildSettings = {
				ALWAYS_SEARCH_USER_PATHS = NO;
				CLANG_ANALYZER_NONNULL = YES;
				CLANG_ANALYZER_NUMBER_OBJECT_CONVERSION = YES_AGGRESSIVE;
				CLANG_CXX_LANGUAGE_STANDARD = "gnu++14";
				CLANG_CXX_LIBRARY = "libc++";
				CLANG_ENABLE_MODULES = YES;
				CLANG_ENABLE_OBJC_ARC = YES;
				CLANG_ENABLE_OBJC_WEAK = YES;
				CLANG_WARN_BLOCK_CAPTURE_AUTORELEASING = YES;
				CLANG_WARN_BOOL_CONVERSION = YES;
				CLANG_WARN_COMMA = YES;
				CLANG_WARN_CONSTANT_CONVERSION = YES;
				CLANG_WARN_DEPRECATED_OBJC_IMPLEMENTATIONS = YES;
				CLANG_WARN_DIRECT_OBJC_ISA_USAGE = YES_ERROR;
				CLANG_WARN_DOCUMENTATION_COMMENTS = YES;
				CLANG_WARN_EMPTY_BODY = YES;
				CLANG_WARN_ENUM_CONVERSION = YES;
				CLANG_WARN_INFINITE_RECURSION = YES;
				CLANG_WARN_INT_CONVERSION = YES;
				CLANG_WARN_NON_LITERAL_NULL_CONVERSION = YES;
				CLANG_WARN_OBJC_IMPLICIT_RETAIN_SELF = YES;
				CLANG_WARN_OBJC_LITERAL_CONVERSION = YES;
				CLANG_WARN_OBJC_ROOT_CLASS = YES_ERROR;
				CLANG_WARN_QUOTED_INCLUDE_IN_FRAMEWORK_HEADER = YES;
				CLANG_WARN_RANGE_LOOP_ANALYSIS = YES;
				CLANG_WARN_STRICT_PROTOTYPES = YES;
				CLANG_WARN_SUSPICIOUS_MOVE = YES;
				CLANG_WARN_UNGUARDED_AVAILABILITY = YES_AGGRESSIVE;
				CLANG_WARN_UNREACHABLE_CODE = YES;
				CLANG_WARN__DUPLICATE_METHOD_MATCH = YES;
				COPY_PHASE_STRIP = NO;
				DEBUG_INFORMATION_FORMAT = dwarf;
				ENABLE_STRICT_OBJC_MSGSEND = YES;
				ENABLE_TESTABILITY = YES;
				GCC_C_LANGUAGE_STANDARD = gnu11;
				GCC_DYNAMIC_NO_PIC = NO;
				GCC_NO_COMMON_BLOCKS = YES;
				GCC_OPTIMIZATION_LEVEL = 0;
				GCC_PREPROCESSOR_DEFINITIONS = (
					"DEBUG=1",
					"$(inherited)",
				);
				GCC_WARN_64_TO_32_BIT_CONVERSION = YES;
				GCC_WARN_ABOUT_RETURN_TYPE = YES_ERROR;
				GCC_WARN_UNDECLARED_SELECTOR = YES;
				GCC_WARN_UNINITIALIZED_AUTOS = YES_AGGRESSIVE;
				GCC_WARN_UNUSED_FUNCTION = YES;
				GCC_WARN_UNUSED_VARIABLE = YES;
				IPHONEOS_DEPLOYMENT_TARGET = 14.2;
				MTL_ENABLE_DEBUG_INFO = INCLUDE_SOURCE;
				MTL_FAST_MATH = YES;
				ONLY_ACTIVE_ARCH = YES;
				SDKROOT = iphoneos;
				SWIFT_ACTIVE_COMPILATION_CONDITIONS = DEBUG;
				SWIFT_OPTIMIZATION_LEVEL = "-Onone";
			};
			name = Debug;
		};
		2810884D257C9ECA004E7218 /* Release */ = {
			isa = XCBuildConfiguration;
			buildSettings = {
				ALWAYS_SEARCH_USER_PATHS = NO;
				CLANG_ANALYZER_NONNULL = YES;
				CLANG_ANALYZER_NUMBER_OBJECT_CONVERSION = YES_AGGRESSIVE;
				CLANG_CXX_LANGUAGE_STANDARD = "gnu++14";
				CLANG_CXX_LIBRARY = "libc++";
				CLANG_ENABLE_MODULES = YES;
				CLANG_ENABLE_OBJC_ARC = YES;
				CLANG_ENABLE_OBJC_WEAK = YES;
				CLANG_WARN_BLOCK_CAPTURE_AUTORELEASING = YES;
				CLANG_WARN_BOOL_CONVERSION = YES;
				CLANG_WARN_COMMA = YES;
				CLANG_WARN_CONSTANT_CONVERSION = YES;
				CLANG_WARN_DEPRECATED_OBJC_IMPLEMENTATIONS = YES;
				CLANG_WARN_DIRECT_OBJC_ISA_USAGE = YES_ERROR;
				CLANG_WARN_DOCUMENTATION_COMMENTS = YES;
				CLANG_WARN_EMPTY_BODY = YES;
				CLANG_WARN_ENUM_CONVERSION = YES;
				CLANG_WARN_INFINITE_RECURSION = YES;
				CLANG_WARN_INT_CONVERSION = YES;
				CLANG_WARN_NON_LITERAL_NULL_CONVERSION = YES;
				CLANG_WARN_OBJC_IMPLICIT_RETAIN_SELF = YES;
				CLANG_WARN_OBJC_LITERAL_CONVERSION = YES;
				CLANG_WARN_OBJC_ROOT_CLASS = YES_ERROR;
				CLANG_WARN_QUOTED_INCLUDE_IN_FRAMEWORK_HEADER = YES;
				CLANG_WARN_RANGE_LOOP_ANALYSIS = YES;
				CLANG_WARN_STRICT_PROTOTYPES = YES;
				CLANG_WARN_SUSPICIOUS_MOVE = YES;
				CLANG_WARN_UNGUARDED_AVAILABILITY = YES_AGGRESSIVE;
				CLANG_WARN_UNREACHABLE_CODE = YES;
				CLANG_WARN__DUPLICATE_METHOD_MATCH = YES;
				COPY_PHASE_STRIP = NO;
				DEBUG_INFORMATION_FORMAT = "dwarf-with-dsym";
				ENABLE_NS_ASSERTIONS = NO;
				ENABLE_STRICT_OBJC_MSGSEND = YES;
				GCC_C_LANGUAGE_STANDARD = gnu11;
				GCC_NO_COMMON_BLOCKS = YES;
				GCC_WARN_64_TO_32_BIT_CONVERSION = YES;
				GCC_WARN_ABOUT_RETURN_TYPE = YES_ERROR;
				GCC_WARN_UNDECLARED_SELECTOR = YES;
				GCC_WARN_UNINITIALIZED_AUTOS = YES_AGGRESSIVE;
				GCC_WARN_UNUSED_FUNCTION = YES;
				GCC_WARN_UNUSED_VARIABLE = YES;
				IPHONEOS_DEPLOYMENT_TARGET = 14.2;
				MTL_ENABLE_DEBUG_INFO = NO;
				MTL_FAST_MATH = YES;
				SDKROOT = iphoneos;
				SWIFT_COMPILATION_MODE = wholemodule;
				SWIFT_OPTIMIZATION_LEVEL = "-O";
				VALIDATE_PRODUCT = YES;
			};
			name = Release;
		};
		2810884F257C9ECA004E7218 /* Debug */ = {
			isa = XCBuildConfiguration;
			baseConfigurationReference = DA3AD5521C5471E4445EA6A7 /* Pods-work 14 test.debug.xcconfig */;
			buildSettings = {
				ASSETCATALOG_COMPILER_APPICON_NAME = AppIcon;
				ASSETCATALOG_COMPILER_GLOBAL_ACCENT_COLOR_NAME = AccentColor;
				CODE_SIGN_STYLE = Automatic;
				DEVELOPMENT_TEAM = 6K9U8UB4D6;
				INFOPLIST_FILE = "work 14 test/Info.plist";
				LD_RUNPATH_SEARCH_PATHS = (
					"$(inherited)",
					"@executable_path/Frameworks",
				);
				PRODUCT_BUNDLE_IDENTIFIER = "Dmitrii.work-14-test";
				PRODUCT_NAME = "$(TARGET_NAME)";
				SWIFT_VERSION = 5.0;
				TARGETED_DEVICE_FAMILY = "1,2";
			};
			name = Debug;
		};
		28108850257C9ECA004E7218 /* Release */ = {
			isa = XCBuildConfiguration;
			baseConfigurationReference = 02A60279865295658A2DD820 /* Pods-work 14 test.release.xcconfig */;
			buildSettings = {
				ASSETCATALOG_COMPILER_APPICON_NAME = AppIcon;
				ASSETCATALOG_COMPILER_GLOBAL_ACCENT_COLOR_NAME = AccentColor;
				CODE_SIGN_STYLE = Automatic;
				DEVELOPMENT_TEAM = 6K9U8UB4D6;
				INFOPLIST_FILE = "work 14 test/Info.plist";
				LD_RUNPATH_SEARCH_PATHS = (
					"$(inherited)",
					"@executable_path/Frameworks",
				);
				PRODUCT_BUNDLE_IDENTIFIER = "Dmitrii.work-14-test";
				PRODUCT_NAME = "$(TARGET_NAME)";
				SWIFT_VERSION = 5.0;
				TARGETED_DEVICE_FAMILY = "1,2";
			};
			name = Release;
		};
/* End XCBuildConfiguration section */

/* Begin XCConfigurationList section */
		28108835257C9EC9004E7218 /* Build configuration list for PBXProject "work 14 test" */ = {
			isa = XCConfigurationList;
			buildConfigurations = (
				2810884C257C9ECA004E7218 /* Debug */,
				2810884D257C9ECA004E7218 /* Release */,
			);
			defaultConfigurationIsVisible = 0;
			defaultConfigurationName = Release;
		};
		2810884E257C9ECA004E7218 /* Build configuration list for PBXNativeTarget "work 14 test" */ = {
			isa = XCConfigurationList;
			buildConfigurations = (
				2810884F257C9ECA004E7218 /* Debug */,
				28108850257C9ECA004E7218 /* Release */,
			);
			defaultConfigurationIsVisible = 0;
			defaultConfigurationName = Release;
		};
/* End XCConfigurationList section */
	};
	rootObject = 28108832257C9EC9004E7218 /* Project object */;
}
